
Microsoft Visual Studio Solution File, Format Version 12.00
# Visual Studio 15
VisualStudioVersion = 15.0.27004.2009
MinimumVisualStudioVersion = 10.0.40219.1
Project("{FAE04EC0-301F-11D3-BF4B-00C04F79EFBC}") = "GZS_Proje", "GZS_Proje\GZS_Proje.csproj", "{0E556689-AACA-49D2-855F-6D46A8CF1545}"
EndProject
Global
	GlobalSection(SolutionConfigurationPlatforms) = preSolution
		Debug|Any CPU = Debug|Any CPU
		Release|Any CPU = Release|Any CPU
	EndGlobalSection
	GlobalSection(ProjectConfigurationPlatforms) = postSolution
		{0E556689-AACA-49D2-855F-6D46A8CF1545}.Debug|Any CPU.ActiveCfg = Debug|Any CPU
		{0E556689-AACA-49D2-855F-6D46A8CF1545}.Debug|Any CPU.Build.0 = Debug|Any CPU
		{0E556689-AACA-49D2-855F-6D46A8CF1545}.Release|Any CPU.ActiveCfg = Release|Any CPU
		{0E556689-AACA-49D2-855F-6D46A8CF1545}.Release|Any CPU.Build.0 = Release|Any CPU
	EndGlobalSection
	GlobalSection(SolutionProperties) = preSolution
		HideSolutionNode = FALSE
	EndGlobalSection
	GlobalSection(ExtensibilityGlobals) = postSolution
		SolutionGuid = {C03432AF-C997-4579-A7DF-82B44CD1A752}
	EndGlobalSection
EndGlobal
